
Microsoft Visual Studio Solution File, Format Version 12.00
# Visual Studio 14
VisualStudioVersion = 14.0.25420.1
MinimumVisualStudioVersion = 10.0.40219.1
Project("{151D2E53-A2C4-4D7D-83FE-D05416EBD58E}") = "AzureNotificationHub.DeploymentArmTemplate", "AzureNotificationHub.DeploymentArmTemplate\AzureNotificationHub.DeploymentArmTemplate.deployproj", "{9C3FEC8E-26B0-45DE-86C3-5BCBB4844A7C}"
EndProject
Global
	GlobalSection(SolutionConfigurationPlatforms) = preSolution
		Debug|Any CPU = Debug|Any CPU
		Release|Any CPU = Release|Any CPU
	EndGlobalSection
	GlobalSection(ProjectConfigurationPlatforms) = postSolution
		{9C3FEC8E-26B0-45DE-86C3-5BCBB4844A7C}.Debug|Any CPU.ActiveCfg = Debug|Any CPU
		{9C3FEC8E-26B0-45DE-86C3-5BCBB4844A7C}.Debug|Any CPU.Build.0 = Debug|Any CPU
		{9C3FEC8E-26B0-45DE-86C3-5BCBB4844A7C}.Release|Any CPU.ActiveCfg = Release|Any CPU
		{9C3FEC8E-26B0-45DE-86C3-5BCBB4844A7C}.Release|Any CPU.Build.0 = Release|Any CPU
	EndGlobalSection
	GlobalSection(SolutionProperties) = preSolution
		HideSolutionNode = FALSE
	EndGlobalSection
EndGlobal
